// !$*UTF8*$!
{
	archiveVersion = 1;
	classes = {
	};
	objectVersion = 56;
	objects = {

/* Begin PBXBuildFile section */
		B2B968C729FC48C800BC21CE /* AppDelegate.swift in Sources */ = {isa = PBXBuildFile; fileRef = B2B968C629FC48C800BC21CE /* AppDelegate.swift */; };
		B2B968C929FC48C800BC21CE /* SceneDelegate.swift in Sources */ = {isa = PBXBuildFile; fileRef = B2B968C829FC48C800BC21CE /* SceneDelegate.swift */; };
		B2B968CB29FC48C800BC21CE /* ViewController.swift in Sources */ = {isa = PBXBuildFile; fileRef = B2B968CA29FC48C800BC21CE /* ViewController.swift */; };
		B2B968CE29FC48C800BC21CE /* Main.storyboard in Resources */ = {isa = PBXBuildFile; fileRef = B2B968CC29FC48C800BC21CE /* Main.storyboard */; };
		B2B968D029FC48C900BC21CE /* Assets.xcassets in Resources */ = {isa = PBXBuildFile; fileRef = B2B968CF29FC48C900BC21CE /* Assets.xcassets */; };
		B2B968D329FC48C900BC21CE /* LaunchScreen.storyboard in Resources */ = {isa = PBXBuildFile; fileRef = B2B968D129FC48C900BC21CE /* LaunchScreen.storyboard */; };
		B2B968DE29FC48C900BC21CE /* Simple_CalculatorTests.swift in Sources */ = {isa = PBXBuildFile; fileRef = B2B968DD29FC48C900BC21CE /* Simple_CalculatorTests.swift */; };
		B2B968E829FC48C900BC21CE /* Simple_CalculatorUITests.swift in Sources */ = {isa = PBXBuildFile; fileRef = B2B968E729FC48C900BC21CE /* Simple_CalculatorUITests.swift */; };
		B2B968EA29FC48C900BC21CE /* Simple_CalculatorUITestsLaunchTests.swift in Sources */ = {isa = PBXBuildFile; fileRef = B2B968E929FC48C900BC21CE /* Simple_CalculatorUITestsLaunchTests.swift */; };
/* End PBXBuildFile section */

/* Begin PBXContainerItemProxy section */
		B2B968DA29FC48C900BC21CE /* PBXContainerItemProxy */ = {
			isa = PBXContainerItemProxy;
			containerPortal = B2B968BB29FC48C700BC21CE /* Project object */;
			proxyType = 1;
			remoteGlobalIDString = B2B968C229FC48C800BC21CE;
			remoteInfo = "Simple Calculator";
		};
		B2B968E429FC48C900BC21CE /* PBXContainerItemProxy */ = {
			isa = PBXContainerItemProxy;
			containerPortal = B2B968BB29FC48C700BC21CE /* Project object */;
			proxyType = 1;
			remoteGlobalIDString = B2B968C229FC48C800BC21CE;
			remoteInfo = "Simple Calculator";
		};
/* End PBXContainerItemProxy section */

/* Begin PBXFileReference section */
		B2B968C329FC48C800BC21CE /* Simple Calculator.app */ = {isa = PBXFileReference; explicitFileType = wrapper.application; includeInIndex = 0; path = "Simple Calculator.app"; sourceTree = BUILT_PRODUCTS_DIR; };
		B2B968C629FC48C800BC21CE /* AppDelegate.swift */ = {isa = PBXFileReference; lastKnownFileType = sourcecode.swift; path = AppDelegate.swift; sourceTree = "<group>"; };
		B2B968C829FC48C800BC21CE /* SceneDelegate.swift */ = {isa = PBXFileReference; lastKnownFileType = sourcecode.swift; path = SceneDelegate.swift; sourceTree = "<group>"; };
		B2B968CA29FC48C800BC21CE /* ViewController.swift */ = {isa = PBXFileReference; lastKnownFileType = sourcecode.swift; path = ViewController.swift; sourceTree = "<group>"; };
		B2B968CD29FC48C800BC21CE /* Base */ = {isa = PBXFileReference; lastKnownFileType = file.storyboard; name = Base; path = Base.lproj/Main.storyboard; sourceTree = "<group>"; };
		B2B968CF29FC48C900BC21CE /* Assets.xcassets */ = {isa = PBXFileReference; lastKnownFileType = folder.assetcatalog; path = Assets.xcassets; sourceTree = "<group>"; };
		B2B968D229FC48C900BC21CE /* Base */ = {isa = PBXFileReference; lastKnownFileType = file.storyboard; name = Base; path = Base.lproj/LaunchScreen.storyboard; sourceTree = "<group>"; };
		B2B968D429FC48C900BC21CE /* Info.plist */ = {isa = PBXFileReference; lastKnownFileType = text.plist.xml; path = Info.plist; sourceTree = "<group>"; };
		B2B968D929FC48C900BC21CE /* Simple CalculatorTests.xctest */ = {isa = PBXFileReference; explicitFileType = wrapper.cfbundle; includeInIndex = 0; path = "Simple CalculatorTests.xctest"; sourceTree = BUILT_PRODUCTS_DIR; };
		B2B968DD29FC48C900BC21CE /* Simple_CalculatorTests.swift */ = {isa = PBXFileReference; lastKnownFileType = sourcecode.swift; path = Simple_CalculatorTests.swift; sourceTree = "<group>"; };
		B2B968E329FC48C900BC21CE /* Simple CalculatorUITests.xctest */ = {isa = PBXFileReference; explicitFileType = wrapper.cfbundle; includeInIndex = 0; path = "Simple CalculatorUITests.xctest"; sourceTree = BUILT_PRODUCTS_DIR; };
		B2B968E729FC48C900BC21CE /* Simple_CalculatorUITests.swift */ = {isa = PBXFileReference; lastKnownFileType = sourcecode.swift; path = Simple_CalculatorUITests.swift; sourceTree = "<group>"; };
		B2B968E929FC48C900BC21CE /* Simple_CalculatorUITestsLaunchTests.swift */ = {isa = PBXFileReference; lastKnownFileType = sourcecode.swift; path = Simple_CalculatorUITestsLaunchTests.swift; sourceTree = "<group>"; };
/* End PBXFileReference section */

/* Begin PBXFrameworksBuildPhase section */
		B2B968C029FC48C800BC21CE /* Frameworks */ = {
			isa = PBXFrameworksBuildPhase;
			buildActionMask = 2147483647;
			files = (
			);
			runOnlyForDeploymentPostprocessing = 0;
		};
		B2B968D629FC48C900BC21CE /* Frameworks */ = {
			isa = PBXFrameworksBuildPhase;
			buildActionMask = 2147483647;
			files = (
			);
			runOnlyForDeploymentPostprocessing = 0;
		};
		B2B968E029FC48C900BC21CE /* Frameworks */ = {
			isa = PBXFrameworksBuildPhase;
			buildActionMask = 2147483647;
			files = (
			);
			runOnlyForDeploymentPostprocessing = 0;
		};
/* End PBXFrameworksBuildPhase section */

/* Begin PBXGroup section */
		B2B968BA29FC48C700BC21CE = {
			isa = PBXGroup;
			children = (
				B2B968C529FC48C800BC21CE /* Simple Calculator */,
				B2B968DC29FC48C900BC21CE /* Simple CalculatorTests */,
				B2B968E629FC48C900BC21CE /* Simple CalculatorUITests */,
				B2B968C429FC48C800BC21CE /* Products */,
			);
			sourceTree = "<group>";
		};
		B2B968C429FC48C800BC21CE /* Products */ = {
			isa = PBXGroup;
			children = (
				B2B968C329FC48C800BC21CE /* Simple Calculator.app */,
				B2B968D929FC48C900BC21CE /* Simple CalculatorTests.xctest */,
				B2B968E329FC48C900BC21CE /* Simple CalculatorUITests.xctest */,
			);
			name = Products;
			sourceTree = "<group>";
		};
		B2B968C529FC48C800BC21CE /* Simple Calculator */ = {
			isa = PBXGroup;
			children = (
				B2B968C629FC48C800BC21CE /* AppDelegate.swift */,
				B2B968C829FC48C800BC21CE /* SceneDelegate.swift */,
				B2B968CA29FC48C800BC21CE /* ViewController.swift */,
				B2B968CC29FC48C800BC21CE /* Main.storyboard */,
				B2B968CF29FC48C900BC21CE /* Assets.xcassets */,
				B2B968D129FC48C900BC21CE /* LaunchScreen.storyboard */,
				B2B968D429FC48C900BC21CE /* Info.plist */,
			);
			path = "Simple Calculator";
			sourceTree = "<group>";
		};
		B2B968DC29FC48C900BC21CE /* Simple CalculatorTests */ = {
			isa = PBXGroup;
			children = (
				B2B968DD29FC48C900BC21CE /* Simple_CalculatorTests.swift */,
			);
			path = "Simple CalculatorTests";
			sourceTree = "<group>";
		};
		B2B968E629FC48C900BC21CE /* Simple CalculatorUITests */ = {
			isa = PBXGroup;
			children = (
				B2B968E729FC48C900BC21CE /* Simple_CalculatorUITests.swift */,
				B2B968E929FC48C900BC21CE /* Simple_CalculatorUITestsLaunchTests.swift */,
			);
			path = "Simple CalculatorUITests";
			sourceTree = "<group>";
		};
/* End PBXGroup section */

/* Begin PBXNativeTarget section */
		B2B968C229FC48C800BC21CE /* Simple Calculator */ = {
			isa = PBXNativeTarget;
			buildConfigurationList = B2B968ED29FC48C900BC21CE /* Build configuration list for PBXNativeTarget "Simple Calculator" */;
			buildPhases = (
				B2B968BF29FC48C800BC21CE /* Sources */,
				B2B968C029FC48C800BC21CE /* Frameworks */,
				B2B968C129FC48C800BC21CE /* Resources */,
			);
			buildRules = (
			);
			dependencies = (
			);
			name = "Simple Calculator";
			productName = "Simple Calculator";
			productReference = B2B968C329FC48C800BC21CE /* Simple Calculator.app */;
			productType = "com.apple.product-type.application";
		};
		B2B968D829FC48C900BC21CE /* Simple CalculatorTests */ = {
			isa = PBXNativeTarget;
			buildConfigurationList = B2B968F029FC48C900BC21CE /* Build configuration list for PBXNativeTarget "Simple CalculatorTests" */;
			buildPhases = (
				B2B968D529FC48C900BC21CE /* Sources */,
				B2B968D629FC48C900BC21CE /* Frameworks */,
				B2B968D729FC48C900BC21CE /* Resources */,
			);
			buildRules = (
			);
			dependencies = (
				B2B968DB29FC48C900BC21CE /* PBXTargetDependency */,
			);
			name = "Simple CalculatorTests";
			productName = "Simple CalculatorTests";
			productReference = B2B968D929FC48C900BC21CE /* Simple CalculatorTests.xctest */;
			productType = "com.apple.product-type.bundle.unit-test";
		};
		B2B968E229FC48C900BC21CE /* Simple CalculatorUITests */ = {
			isa = PBXNativeTarget;
			buildConfigurationList = B2B968F329FC48C900BC21CE /* Build configuration list for PBXNativeTarget "Simple CalculatorUITests" */;
			buildPhases = (
				B2B968DF29FC48C900BC21CE /* Sources */,
				B2B968E029FC48C900BC21CE /* Frameworks */,
				B2B968E129FC48C900BC21CE /* Resources */,
			);
			buildRules = (
			);
			dependencies = (
				B2B968E529FC48C900BC21CE /* PBXTargetDependency */,
			);
			name = "Simple CalculatorUITests";
			productName = "Simple CalculatorUITests";
			productReference = B2B968E329FC48C900BC21CE /* Simple CalculatorUITests.xctest */;
			productType = "com.apple.product-type.bundle.ui-testing";
		};
/* End PBXNativeTarget section */

/* Begin PBXProject section */
		B2B968BB29FC48C700BC21CE /* Project object */ = {
			isa = PBXProject;
			attributes = {
				BuildIndependentTargetsInParallel = 1;
				LastSwiftUpdateCheck = 1420;
				LastUpgradeCheck = 1420;
				TargetAttributes = {
					B2B968C229FC48C800BC21CE = {
						CreatedOnToolsVersion = 14.2;
					};
					B2B968D829FC48C900BC21CE = {
						CreatedOnToolsVersion = 14.2;
						TestTargetID = B2B968C229FC48C800BC21CE;
					};
					B2B968E229FC48C900BC21CE = {
						CreatedOnToolsVersion = 14.2;
						TestTargetID = B2B968C229FC48C800BC21CE;
					};
				};
			};
			buildConfigurationList = B2B968BE29FC48C700BC21CE /* Build configuration list for PBXProject "Simple Calculator" */;
			compatibilityVersion = "Xcode 14.0";
			developmentRegion = en;
			hasScannedForEncodings = 0;
			knownRegions = (
				en,
				Base,
			);
			mainGroup = B2B968BA29FC48C700BC21CE;
			productRefGroup = B2B968C429FC48C800BC21CE /* Products */;
			projectDirPath = "";
			projectRoot = "";
			targets = (
				B2B968C229FC48C800BC21CE /* Simple Calculator */,
				B2B968D829FC48C900BC21CE /* Simple CalculatorTests */,
				B2B968E229FC48C900BC21CE /* Simple CalculatorUITests */,
			);
		};
/* End PBXProject section */

/* Begin PBXResourcesBuildPhase section */
		B2B968C129FC48C800BC21CE /* Resources */ = {
			isa = PBXResourcesBuildPhase;
			buildActionMask = 2147483647;
			files = (
				B2B968D329FC48C900BC21CE /* LaunchScreen.storyboard in Resources */,
				B2B968D029FC48C900BC21CE /* Assets.xcassets in Resources */,
				B2B968CE29FC48C800BC21CE /* Main.storyboard in Resources */,
			);
			runOnlyForDeploymentPostprocessing = 0;
		};
		B2B968D729FC48C900BC21CE /* Resources */ = {
			isa = PBXResourcesBuildPhase;
			buildActionMask = 2147483647;
			files = (
			);
			runOnlyForDeploymentPostprocessing = 0;
		};
		B2B968E129FC48C900BC21CE /* Resources */ = {
			isa = PBXResourcesBuildPhase;
			buildActionMask = 2147483647;
			files = (
			);
			runOnlyForDeploymentPostprocessing = 0;
		};
/* End PBXResourcesBuildPhase section */

/* Begin PBXSourcesBuildPhase section */
		B2B968BF29FC48C800BC21CE /* Sources */ = {
			isa = PBXSourcesBuildPhase;
			buildActionMask = 2147483647;
			files = (
				B2B968CB29FC48C800BC21CE /* ViewController.swift in Sources */,
				B2B968C729FC48C800BC21CE /* AppDelegate.swift in Sources */,
				B2B968C929FC48C800BC21CE /* SceneDelegate.swift in Sources */,
			);
			runOnlyForDeploymentPostprocessing = 0;
		};
		B2B968D529FC48C900BC21CE /* Sources */ = {
			isa = PBXSourcesBuildPhase;
			buildActionMask = 2147483647;
			files = (
				B2B968DE29FC48C900BC21CE /* Simple_CalculatorTests.swift in Sources */,
			);
			runOnlyForDeploymentPostprocessing = 0;
		};
		B2B968DF29FC48C900BC21CE /* Sources */ = {
			isa = PBXSourcesBuildPhase;
			buildActionMask = 2147483647;
			files = (
				B2B968EA29FC48C900BC21CE /* Simple_CalculatorUITestsLaunchTests.swift in Sources */,
				B2B968E829FC48C900BC21CE /* Simple_CalculatorUITests.swift in Sources */,
			);
			runOnlyForDeploymentPostprocessing = 0;
		};
/* End PBXSourcesBuildPhase section */

/* Begin PBXTargetDependency section */
		B2B968DB29FC48C900BC21CE /* PBXTargetDependency */ = {
			isa = PBXTargetDependency;
			target = B2B968C229FC48C800BC21CE /* Simple Calculator */;
			targetProxy = B2B968DA29FC48C900BC21CE /* PBXContainerItemProxy */;
		};
		B2B968E529FC48C900BC21CE /* PBXTargetDependency */ = {
			isa = PBXTargetDependency;
			target = B2B968C229FC48C800BC21CE /* Simple Calculator */;
			targetProxy = B2B968E429FC48C900BC21CE /* PBXContainerItemProxy */;
		};
/* End PBXTargetDependency section */

/* Begin PBXVariantGroup section */
		B2B968CC29FC48C800BC21CE /* Main.storyboard */ = {
			isa = PBXVariantGroup;
			children = (
				B2B968CD29FC48C800BC21CE /* Base */,
			);
			name = Main.storyboard;
			sourceTree = "<group>";
		};
		B2B968D129FC48C900BC21CE /* LaunchScreen.storyboard */ = {
			isa = PBXVariantGroup;
			children = (
				B2B968D229FC48C900BC21CE /* Base */,
			);
			name = LaunchScreen.storyboard;
			sourceTree = "<group>";
		};
/* End PBXVariantGroup section */

/* Begin XCBuildConfiguration section */
		B2B968EB29FC48C900BC21CE /* Debug */ = {
			isa = XCBuildConfiguration;
			buildSettings = {
				ALWAYS_SEARCH_USER_PATHS = NO;
				CLANG_ANALYZER_NONNULL = YES;
				CLANG_ANALYZER_NUMBER_OBJECT_CONVERSION = YES_AGGRESSIVE;
				CLANG_CXX_LANGUAGE_STANDARD = "gnu++20";
				CLANG_ENABLE_MODULES = YES;
				CLANG_ENABLE_OBJC_ARC = YES;
				CLANG_ENABLE_OBJC_WEAK = YES;
				CLANG_WARN_BLOCK_CAPTURE_AUTORELEASING = YES;
				CLANG_WARN_BOOL_CONVERSION = YES;
				CLANG_WARN_COMMA = YES;
				CLANG_WARN_CONSTANT_CONVERSION = YES;
				CLANG_WARN_DEPRECATED_OBJC_IMPLEMENTATIONS = YES;
				CLANG_WARN_DIRECT_OBJC_ISA_USAGE = YES_ERROR;
				CLANG_WARN_DOCUMENTATION_COMMENTS = YES;
				CLANG_WARN_EMPTY_BODY = YES;
				CLANG_WARN_ENUM_CONVERSION = YES;
				CLANG_WARN_INFINITE_RECURSION = YES;
				CLANG_WARN_INT_CONVERSION = YES;
				CLANG_WARN_NON_LITERAL_NULL_CONVERSION = YES;
				CLANG_WARN_OBJC_IMPLICIT_RETAIN_SELF = YES;
				CLANG_WARN_OBJC_LITERAL_CONVERSION = YES;
				CLANG_WARN_OBJC_ROOT_CLASS = YES_ERROR;
				CLANG_WARN_QUOTED_INCLUDE_IN_FRAMEWORK_HEADER = YES;
				CLANG_WARN_RANGE_LOOP_ANALYSIS = YES;
				CLANG_WARN_STRICT_PROTOTYPES = YES;
				CLANG_WARN_SUSPICIOUS_MOVE = YES;
				CLANG_WARN_UNGUARDED_AVAILABILITY = YES_AGGRESSIVE;
				CLANG_WARN_UNREACHABLE_CODE = YES;
				CLANG_WARN__DUPLICATE_METHOD_MATCH = YES;
				COPY_PHASE_STRIP = NO;
				DEBUG_INFORMATION_FORMAT = dwarf;
				ENABLE_STRICT_OBJC_MSGSEND = YES;
				ENABLE_TESTABILITY = YES;
				GCC_C_LANGUAGE_STANDARD = gnu11;
				GCC_DYNAMIC_NO_PIC = NO;
				GCC_NO_COMMON_BLOCKS = YES;
				GCC_OPTIMIZATION_LEVEL = 0;
				GCC_PREPROCESSOR_DEFINITIONS = (
					"DEBUG=1",
					"$(inherited)",
				);
				GCC_WARN_64_TO_32_BIT_CONVERSION = YES;
				GCC_WARN_ABOUT_RETURN_TYPE = YES_ERROR;
				GCC_WARN_UNDECLARED_SELECTOR = YES;
				GCC_WARN_UNINITIALIZED_AUTOS = YES_AGGRESSIVE;
				GCC_WARN_UNUSED_FUNCTION = YES;
				GCC_WARN_UNUSED_VARIABLE = YES;
				IPHONEOS_DEPLOYMENT_TARGET = 16.2;
				MTL_ENABLE_DEBUG_INFO = INCLUDE_SOURCE;
				MTL_FAST_MATH = YES;
				ONLY_ACTIVE_ARCH = YES;
				SDKROOT = iphoneos;
				SWIFT_ACTIVE_COMPILATION_CONDITIONS = DEBUG;
				SWIFT_OPTIMIZATION_LEVEL = "-Onone";
			};
			name = Debug;
		};
		B2B968EC29FC48C900BC21CE /* Release */ = {
			isa = XCBuildConfiguration;
			buildSettings = {
				ALWAYS_SEARCH_USER_PATHS = NO;
				CLANG_ANALYZER_NONNULL = YES;
				CLANG_ANALYZER_NUMBER_OBJECT_CONVERSION = YES_AGGRESSIVE;
				CLANG_CXX_LANGUAGE_STANDARD = "gnu++20";
				CLANG_ENABLE_MODULES = YES;
				CLANG_ENABLE_OBJC_ARC = YES;
				CLANG_ENABLE_OBJC_WEAK = YES;
				CLANG_WARN_BLOCK_CAPTURE_AUTORELEASING = YES;
				CLANG_WARN_BOOL_CONVERSION = YES;
				CLANG_WARN_COMMA = YES;
				CLANG_WARN_CONSTANT_CONVERSION = YES;
				CLANG_WARN_DEPRECATED_OBJC_IMPLEMENTATIONS = YES;
				CLANG_WARN_DIRECT_OBJC_ISA_USAGE = YES_ERROR;
				CLANG_WARN_DOCUMENTATION_COMMENTS = YES;
				CLANG_WARN_EMPTY_BODY = YES;
				CLANG_WARN_ENUM_CONVERSION = YES;
				CLANG_WARN_INFINITE_RECURSION = YES;
				CLANG_WARN_INT_CONVERSION = YES;
				CLANG_WARN_NON_LITERAL_NULL_CONVERSION = YES;
				CLANG_WARN_OBJC_IMPLICIT_RETAIN_SELF = YES;
				CLANG_WARN_OBJC_LITERAL_CONVERSION = YES;
				CLANG_WARN_OBJC_ROOT_CLASS = YES_ERROR;
				CLANG_WARN_QUOTED_INCLUDE_IN_FRAMEWORK_HEADER = YES;
				CLANG_WARN_RANGE_LOOP_ANALYSIS = YES;
				CLANG_WARN_STRICT_PROTOTYPES = YES;
				CLANG_WARN_SUSPICIOUS_MOVE = YES;
				CLANG_WARN_UNGUARDED_AVAILABILITY = YES_AGGRESSIVE;
				CLANG_WARN_UNREACHABLE_CODE = YES;
				CLANG_WARN__DUPLICATE_METHOD_MATCH = YES;
				COPY_PHASE_STRIP = NO;
				DEBUG_INFORMATION_FORMAT = "dwarf-with-dsym";
				ENABLE_NS_ASSERTIONS = NO;
				ENABLE_STRICT_OBJC_MSGSEND = YES;
				GCC_C_LANGUAGE_STANDARD = gnu11;
				GCC_NO_COMMON_BLOCKS = YES;
				GCC_WARN_64_TO_32_BIT_CONVERSION = YES;
				GCC_WARN_ABOUT_RETURN_TYPE = YES_ERROR;
				GCC_WARN_UNDECLARED_SELECTOR = YES;
				GCC_WARN_UNINITIALIZED_AUTOS = YES_AGGRESSIVE;
				GCC_WARN_UNUSED_FUNCTION = YES;
				GCC_WARN_UNUSED_VARIABLE = YES;
				IPHONEOS_DEPLOYMENT_TARGET = 16.2;
				MTL_ENABLE_DEBUG_INFO = NO;
				MTL_FAST_MATH = YES;
				SDKROOT = iphoneos;
				SWIFT_COMPILATION_MODE = wholemodule;
				SWIFT_OPTIMIZATION_LEVEL = "-O";
				VALIDATE_PRODUCT = YES;
			};
			name = Release;
		};
		B2B968EE29FC48C900BC21CE /* Debug */ = {
			isa = XCBuildConfiguration;
			buildSettings = {
				ASSETCATALOG_COMPILER_APPICON_NAME = AppIcon;
				ASSETCATALOG_COMPILER_GLOBAL_ACCENT_COLOR_NAME = AccentColor;
				CODE_SIGN_STYLE = Automatic;
				CURRENT_PROJECT_VERSION = 1;
				GENERATE_INFOPLIST_FILE = YES;
				INFOPLIST_FILE = "Simple Calculator/Info.plist";
				INFOPLIST_KEY_UIApplicationSupportsIndirectInputEvents = YES;
				INFOPLIST_KEY_UILaunchStoryboardName = LaunchScreen;
				INFOPLIST_KEY_UIMainStoryboardFile = Main;
				INFOPLIST_KEY_UISupportedInterfaceOrientations_iPad = "UIInterfaceOrientationPortrait UIInterfaceOrientationPortraitUpsideDown UIInterfaceOrientationLandscapeLeft UIInterfaceOrientationLandscapeRight";
				INFOPLIST_KEY_UISupportedInterfaceOrientations_iPhone = "UIInterfaceOrientationPortrait UIInterfaceOrientationLandscapeLeft UIInterfaceOrientationLandscapeRight";
				LD_RUNPATH_SEARCH_PATHS = (
					"$(inherited)",
					"@executable_path/Frameworks",
				);
				MARKETING_VERSION = 1.0;
				PRODUCT_BUNDLE_IDENTIFIER = "com.sample.Simple-Calculator";
				PRODUCT_NAME = "$(TARGET_NAME)";
				SWIFT_EMIT_LOC_STRINGS = YES;
				SWIFT_VERSION = 5.0;
				TARGETED_DEVICE_FAMILY = "1,2";
			};
			name = Debug;
		};
		B2B968EF29FC48C900BC21CE /* Release */ = {
			isa = XCBuildConfiguration;
			buildSettings = {
				ASSETCATALOG_COMPILER_APPICON_NAME = AppIcon;
				ASSETCATALOG_COMPILER_GLOBAL_ACCENT_COLOR_NAME = AccentColor;
				CODE_SIGN_STYLE = Automatic;
				CURRENT_PROJECT_VERSION = 1;
				GENERATE_INFOPLIST_FILE = YES;
				INFOPLIST_FILE = "Simple Calculator/Info.plist";
				INFOPLIST_KEY_UIApplicationSupportsIndirectInputEvents = YES;
				INFOPLIST_KEY_UILaunchStoryboardName = LaunchScreen;
				INFOPLIST_KEY_UIMainStoryboardFile = Main;
				INFOPLIST_KEY_UISupportedInterfaceOrientations_iPad = "UIInterfaceOrientationPortrait UIInterfaceOrientationPortraitUpsideDown UIInterfaceOrientationLandscapeLeft UIInterfaceOrientationLandscapeRight";
				INFOPLIST_KEY_UISupportedInterfaceOrientations_iPhone = "UIInterfaceOrientationPortrait UIInterfaceOrientationLandscapeLeft UIInterfaceOrientationLandscapeRight";
				LD_RUNPATH_SEARCH_PATHS = (
					"$(inherited)",
					"@executable_path/Frameworks",
				);
				MARKETING_VERSION = 1.0;
				PRODUCT_BUNDLE_IDENTIFIER = "com.sample.Simple-Calculator";
				PRODUCT_NAME = "$(TARGET_NAME)";
				SWIFT_EMIT_LOC_STRINGS = YES;
				SWIFT_VERSION = 5.0;
				TARGETED_DEVICE_FAMILY = "1,2";
			};
			name = Release;
		};
		B2B968F129FC48C900BC21CE /* Debug */ = {
			isa = XCBuildConfiguration;
			buildSettings = {
				ALWAYS_EMBED_SWIFT_STANDARD_LIBRARIES = YES;
				BUNDLE_LOADER = "$(TEST_HOST)";
				CODE_SIGN_STYLE = Automatic;
				CURRENT_PROJECT_VERSION = 1;
				GENERATE_INFOPLIST_FILE = YES;
				IPHONEOS_DEPLOYMENT_TARGET = 16.2;
				MARKETING_VERSION = 1.0;
				PRODUCT_BUNDLE_IDENTIFIER = "com.sample.Simple-CalculatorTests";
				PRODUCT_NAME = "$(TARGET_NAME)";
				SWIFT_EMIT_LOC_STRINGS = NO;
				SWIFT_VERSION = 5.0;
				TARGETED_DEVICE_FAMILY = "1,2";
				TEST_HOST = "$(BUILT_PRODUCTS_DIR)/Simple Calculator.app/$(BUNDLE_EXECUTABLE_FOLDER_PATH)/Simple Calculator";
			};
			name = Debug;
		};
		B2B968F229FC48C900BC21CE /* Release */ = {
			isa = XCBuildConfiguration;
			buildSettings = {
				ALWAYS_EMBED_SWIFT_STANDARD_LIBRARIES = YES;
				BUNDLE_LOADER = "$(TEST_HOST)";
				CODE_SIGN_STYLE = Automatic;
				CURRENT_PROJECT_VERSION = 1;
				GENERATE_INFOPLIST_FILE = YES;
				IPHONEOS_DEPLOYMENT_TARGET = 16.2;
				MARKETING_VERSION = 1.0;
				PRODUCT_BUNDLE_IDENTIFIER = "com.sample.Simple-CalculatorTests";
				PRODUCT_NAME = "$(TARGET_NAME)";
				SWIFT_EMIT_LOC_STRINGS = NO;
				SWIFT_VERSION = 5.0;
				TARGETED_DEVICE_FAMILY = "1,2";
				TEST_HOST = "$(BUILT_PRODUCTS_DIR)/Simple Calculator.app/$(BUNDLE_EXECUTABLE_FOLDER_PATH)/Simple Calculator";
			};
			name = Release;
		};
		B2B968F429FC48C900BC21CE /* Debug */ = {
			isa = XCBuildConfiguration;
			buildSettings = {
				ALWAYS_EMBED_SWIFT_STANDARD_LIBRARIES = YES;
				CODE_SIGN_STYLE = Automatic;
				CURRENT_PROJECT_VERSION = 1;
				GENERATE_INFOPLIST_FILE = YES;
				MARKETING_VERSION = 1.0;
				PRODUCT_BUNDLE_IDENTIFIER = "com.sample.Simple-CalculatorUITests";
				PRODUCT_NAME = "$(TARGET_NAME)";
				SWIFT_EMIT_LOC_STRINGS = NO;
				SWIFT_VERSION = 5.0;
				TARGETED_DEVICE_FAMILY = "1,2";
				TEST_TARGET_NAME = "Simple Calculator";
			};
			name = Debug;
		};
		B2B968F529FC48C900BC21CE /* Release */ = {
			isa = XCBuildConfiguration;
			buildSettings = {
				ALWAYS_EMBED_SWIFT_STANDARD_LIBRARIES = YES;
				CODE_SIGN_STYLE = Automatic;
				CURRENT_PROJECT_VERSION = 1;
				GENERATE_INFOPLIST_FILE = YES;
				MARKETING_VERSION = 1.0;
				PRODUCT_BUNDLE_IDENTIFIER = "com.sample.Simple-CalculatorUITests";
				PRODUCT_NAME = "$(TARGET_NAME)";
				SWIFT_EMIT_LOC_STRINGS = NO;
				SWIFT_VERSION = 5.0;
				TARGETED_DEVICE_FAMILY = "1,2";
				TEST_TARGET_NAME = "Simple Calculator";
			};
			name = Release;
		};
/* End XCBuildConfiguration section */

/* Begin XCConfigurationList section */
		B2B968BE29FC48C700BC21CE /* Build configuration list for PBXProject "Simple Calculator" */ = {
			isa = XCConfigurationList;
			buildConfigurations = (
				B2B968EB29FC48C900BC21CE /* Debug */,
				B2B968EC29FC48C900BC21CE /* Release */,
			);
			defaultConfigurationIsVisible = 0;
			defaultConfigurationName = Release;
		};
		B2B968ED29FC48C900BC21CE /* Build configuration list for PBXNativeTarget "Simple Calculator" */ = {
			isa = XCConfigurationList;
			buildConfigurations = (
				B2B968EE29FC48C900BC21CE /* Debug */,
				B2B968EF29FC48C900BC21CE /* Release */,
			);
			defaultConfigurationIsVisible = 0;
			defaultConfigurationName = Release;
		};
		B2B968F029FC48C900BC21CE /* Build configuration list for PBXNativeTarget "Simple CalculatorTests" */ = {
			isa = XCConfigurationList;
			buildConfigurations = (
				B2B968F129FC48C900BC21CE /* Debug */,
				B2B968F229FC48C900BC21CE /* Release */,
			);
			defaultConfigurationIsVisible = 0;
			defaultConfigurationName = Release;
		};
		B2B968F329FC48C900BC21CE /* Build configuration list for PBXNativeTarget "Simple CalculatorUITests" */ = {
			isa = XCConfigurationList;
			buildConfigurations = (
				B2B968F429FC48C900BC21CE /* Debug */,
				B2B968F529FC48C900BC21CE /* Release */,
			);
			defaultConfigurationIsVisible = 0;
			defaultConfigurationName = Release;
		};
/* End XCConfigurationList section */
	};
	rootObject = B2B968BB29FC48C700BC21CE /* Project object */;
}
